
Microsoft Visual Studio Solution File, Format Version 12.00
# Visual Studio Version 17
VisualStudioVersion = 17.1.32407.343
MinimumVisualStudioVersion = 10.0.40219.1
Project("{FAE04EC0-301F-11D3-BF4B-00C04F79EFBC}") = "AppiApp", "AppiApp\AppiApp.csproj", "{D1E40A4B-8E32-4644-A5B3-216496D6CC87}"
EndProject
Global
	GlobalSection(SolutionConfigurationPlatforms) = preSolution
		Debug|Any CPU = Debug|Any CPU
		Release|Any CPU = Release|Any CPU
	EndGlobalSection
	GlobalSection(ProjectConfigurationPlatforms) = postSolution
		{D1E40A4B-8E32-4644-A5B3-216496D6CC87}.Debug|Any CPU.ActiveCfg = Debug|Any CPU
		{D1E40A4B-8E32-4644-A5B3-216496D6CC87}.Debug|Any CPU.Build.0 = Debug|Any CPU
		{D1E40A4B-8E32-4644-A5B3-216496D6CC87}.Release|Any CPU.ActiveCfg = Release|Any CPU
		{D1E40A4B-8E32-4644-A5B3-216496D6CC87}.Release|Any CPU.Build.0 = Release|Any CPU
	EndGlobalSection
	GlobalSection(SolutionProperties) = preSolution
		HideSolutionNode = FALSE
	EndGlobalSection
	GlobalSection(ExtensibilityGlobals) = postSolution
		SolutionGuid = {F7C94B93-DB88-427D-8E71-EF447F95515B}
	EndGlobalSection
EndGlobal
